{"1.2.0",
[{<<"base64url">>,
  {git,"https://github.com/dvv/base64url.git",
       {ref,"f2c64ed8b9bebc536fad37ad97243452b674b837"}},
  1},
 {<<"certifi">>,{pkg,<<"certifi">>,<<"2.6.1">>},1},
 {<<"cowboy">>,
  {git,"git://github.com/ninenines/cowboy.git",
       {ref,"04ca4c5d31a92d4d3de087bbd7d6021dc4a6d409"}},
  0},
 {<<"cowlib">>,
  {git,"https://github.com/ninenines/cowlib",
       {ref,"e9448e5628c8c1d9083223ff973af8de31a566d1"}},
  1},
 {<<"enacl">>,
  {git,"https://github.com/jlouis/enacl",
       {ref,"9919871e5313df24497914bb50791f0690a3be97"}},
  1},
 {<<"gen_smtp">>,
  {git,"git://github.com/Vagabond/gen_smtp.git",
       {ref,"410557a4b52cbabc99062e2196fa0ec16c3c03a7"}},
  0},
 {<<"goldrush">>,{pkg,<<"goldrush">>,<<"0.1.9">>},1},
 {<<"hackney">>,
  {git,"https://github.com/benoitc/hackney",
       {ref,"6e79b2bb11a77389d3ba9ff3a0828a45796fe7a8"}},
  0},
 {<<"hut">>,{pkg,<<"hut">>,<<"1.3.0">>},1},
 {<<"idna">>,{pkg,<<"idna">>,<<"6.1.1">>},1},
 {<<"iso8601">>,
  {git,"https://github.com/xorver/erlang_iso8601.git",
       {ref,"72013b0a8d757ee95bb560541e29bfa4461c5232"}},
  0},
 {<<"jiffy">>,
  {git,"https://github.com/davisp/jiffy.git",
       {ref,"effc3c9a68478b692523e61b308ad9257c1ddeca"}},
  0},
 {<<"lager">>,{pkg,<<"lager">>,<<"3.9.2">>},0},
 {<<"locus">>,
  {git,"https://github.com/g-andrade/locus.git",
       {ref,"38871b7560d82256418dccbcfa03bfc8b7a0e746"}},
  0},
 {<<"macaroons">>,
  {git,"ssh://git@git.onedata.org:7999/vfs/macaroons.git",
       {ref,"bd928eac0ff232bb421d93d00c27e82af8a8ed1d"}},
  0},
 {<<"meck">>,
  {git,"https://github.com/eproxus/meck.git",
       {ref,"5aaa24886db404f995c9a91b421367f6bfe6e566"}},
  0},
 {<<"metrics">>,{pkg,<<"metrics">>,<<"1.0.1">>},1},
 {<<"mimerl">>,{pkg,<<"mimerl">>,<<"1.2.0">>},1},
 {<<"observer_cli">>,{pkg,<<"observer_cli">>,<<"1.6.2">>},0},
 {<<"parse_trans">>,{pkg,<<"parse_trans">>,<<"3.3.1">>},1},
 {<<"ranch">>,
  {git,"git://github.com/Maria-12648430/ranch.git",
       {ref,"fca133439689c36c11c5ec48de6cde2ec553ce0e"}},
  0},
 {<<"recon">>,{pkg,<<"recon">>,<<"2.5.2">>},1},
 {<<"ssl_verify_fun">>,{pkg,<<"ssl_verify_fun">>,<<"1.1.6">>},1},
 {<<"tls_certificate_check">>,{pkg,<<"tls_certificate_check">>,<<"1.5.0">>},1},
 {<<"unicode_util_compat">>,{pkg,<<"unicode_util_compat">>,<<"0.7.0">>},1},
 {<<"yamerl">>,{pkg,<<"yamerl">>,<<"0.7.0">>},0}]}.
[
{pkg_hash,[
 {<<"certifi">>, <<"DBAB8E5E155A0763EEA978C913CA280A6B544BFA115633FA20249C3D396D9493">>},
 {<<"goldrush">>, <<"F06E5D5F1277DA5C413E84D5A2924174182FB108DABB39D5EC548B27424CD106">>},
 {<<"hut">>, <<"71F2F054E657C03F959CF1ACC43F436EA87580696528CA2A55C8AFB1B06C85E7">>},
 {<<"idna">>, <<"8A63070E9F7D0C62EB9D9FCB360A7DE382448200FBBD1B106CC96D3D8099DF8D">>},
 {<<"lager">>, <<"4CAB289120EB24964E3886BD22323CB5FEFE4510C076992A23AD18CF85413D8C">>},
 {<<"metrics">>, <<"25F094DEA2CDA98213CECC3AEFF09E940299D950904393B2A29D191C346A8486">>},
 {<<"mimerl">>, <<"67E2D3F571088D5CFD3E550C383094B47159F3EEE8FFA08E64106CDF5E981BE3">>},
 {<<"observer_cli">>, <<"016588E9A966247401BCBF02976D468F1E6F06891DDE44F873C9259C6496CCA1">>},
 {<<"parse_trans">>, <<"16328AB840CC09919BD10DAB29E431DA3AF9E9E7E7E6F0089DD5A2D2820011D8">>},
 {<<"recon">>, <<"CBA53FA8DB83AD968C9A652E09C3ED7DDCC4DA434F27C3EAA9CA47FFB2B1FF03">>},
 {<<"ssl_verify_fun">>, <<"CF344F5692C82D2CD7554F5EC8FD961548D4FD09E7D22F5B62482E5AEAEBD4B0">>},
 {<<"tls_certificate_check">>, <<"54DC51DEFFA4EF157803E07035AB78516708F670FC910319C5893287E3AED725">>},
 {<<"unicode_util_compat">>, <<"BC84380C9AB48177092F43AC89E4DFA2C6D62B40B8BD132B1059ECC7232F9A78">>},
 {<<"yamerl">>, <<"E51DBA652DCE74C20A88294130B48051EBBBB0BE7D76F22DE064F0F3CCF0AAF5">>}]},
{pkg_hash_ext,[
 {<<"certifi">>, <<"524C97B4991B3849DD5C17A631223896272C6B0AF446778BA4675A1DFF53BB7E">>},
 {<<"goldrush">>, <<"99CB4128CFFCB3227581E5D4D803D5413FA643F4EB96523F77D9E6937D994CEB">>},
 {<<"hut">>, <<"7E15D28555D8A1F2B5A3A931EC120AF0753E4853A4C66053DB354F35BF9AB563">>},
 {<<"idna">>, <<"92376EB7894412ED19AC475E4A86F7B413C1B9FBB5BD16DCCD57934157944CEA">>},
 {<<"lager">>, <<"7F904D9E87A8CB7E66156ED31768D1C8E26EBA1D54F4BC85B1AA4AC1F6340C28">>},
 {<<"metrics">>, <<"69B09ADDDC4F74A40716AE54D140F93BEB0FB8978D8636EADED0C31B6F099F16">>},
 {<<"mimerl">>, <<"F278585650AA581986264638EBF698F8BB19DF297F66AD91B18910DFC6E19323">>},
 {<<"observer_cli">>, <<"C23DB9E4CCA0E849ADC42B0A099AFFB9E6267C5F23A871FC6F144348B249341F">>},
 {<<"parse_trans">>, <<"07CD9577885F56362D414E8C4C4E6BDF10D43A8767ABB92D24CBE8B24C54888B">>},
 {<<"recon">>, <<"2C7523C8DEE91DFF41F6B3D63CBA2BD49EB6D2FE5BF1EEC0DF7F87EB5E230E1C">>},
 {<<"ssl_verify_fun">>, <<"BDB0D2471F453C88FF3908E7686F86F9BE327D065CC1EC16FA4540197EA04680">>},
 {<<"tls_certificate_check">>, <<"E1E3F9A969317126633D7A8F1D9A3223B35504414125C78FA048700385A59B25">>},
 {<<"unicode_util_compat">>, <<"25EEE6D67DF61960CF6A794239566599B09E17E668D3700247BC498638152521">>},
 {<<"yamerl">>, <<"CB5A4481E2E2AD36DB83BD9962153E1A9208E2B2484185E33FC2CAAC6A50B108">>}]}
].
